
Microsoft Visual Studio Solution File, Format Version 12.00
# Visual Studio Version 17
VisualStudioVersion = 17.6.33815.320
MinimumVisualStudioVersion = 10.0.40219.1
Project("{FAE04EC0-301F-11D3-BF4B-00C04F79EFBC}") = "gym", "gym\gym.csproj", "{0EE673D4-3FAE-41F4-B587-9E0BEC3CFFD3}"
EndProject
Global
	GlobalSection(SolutionConfigurationPlatforms) = preSolution
		Debug|Any CPU = Debug|Any CPU
		Release|Any CPU = Release|Any CPU
	EndGlobalSection
	GlobalSection(ProjectConfigurationPlatforms) = postSolution
		{0EE673D4-3FAE-41F4-B587-9E0BEC3CFFD3}.Debug|Any CPU.ActiveCfg = Debug|Any CPU
		{0EE673D4-3FAE-41F4-B587-9E0BEC3CFFD3}.Debug|Any CPU.Build.0 = Debug|Any CPU
		{0EE673D4-3FAE-41F4-B587-9E0BEC3CFFD3}.Release|Any CPU.ActiveCfg = Release|Any CPU
		{0EE673D4-3FAE-41F4-B587-9E0BEC3CFFD3}.Release|Any CPU.Build.0 = Release|Any CPU
	EndGlobalSection
	GlobalSection(SolutionProperties) = preSolution
		HideSolutionNode = FALSE
	EndGlobalSection
	GlobalSection(ExtensibilityGlobals) = postSolution
		SolutionGuid = {1E8E3E8B-41D8-4C41-9EB6-6E9D42D89656}
	EndGlobalSection
EndGlobal
